{
    "_meta": {
        "hash": {
            "sha256": "86d36d9d8ec291b63a6d78b93a0cd0143805831a0d03da159d57b9e21e54aaf2"
        },
        "pipfile-spec": 6,
        "requires": {
            "python_version": "3.10"
        },
        "sources": [
            {
                "name": "pypi",
                "url": "https://pypi.org/simple",
                "verify_ssl": true
            }
        ]
    },
    "default": {
        "pysimplegui": {
            "hashes": [
                "sha256:3ea18e3aaea515bdf40e7d73015d101d92abddf214b134ae7674e99c58b96598",
                "sha256:c31c168deb1816d56811bfb4c881b3f4bcaca03b7d5f0ea7ada9772f397582a3"
            ],
            "index": "pypi",
            "version": "==4.60.1"
        },
        "pyzmq": {
            "hashes": [
                "sha256:011a45c846ec69a3671ed15893b74b6ad608800c89ac6d0f0411e2137c6b313d",
                "sha256:011f26841dd56ed87e464c98023dbbd4c0b3ab8802a045de3ea83e0187eb8145",
                "sha256:0258563bf69f6ca305204354f171e0627a9bf8fe78c9d4f63a5e2447035cbb4b",
                "sha256:07d2008e51718fba60641e5d1a0646b222b7929f16f6e7cf0834b8439f42c9e8",
                "sha256:0a787f7870cba38d655c68ea7ae14bb6c3e9e19bb618d0c2412513321eeaeb80",
                "sha256:0a89b9860d2171bcf674648dc8186db9cf3b773ad3c0610a2c7bf189cf3560b6",
                "sha256:0de8a7e13ffacfe33c89acc0d7bfa2f5bde94e3f74b7f1e4d43c97ce17864d77",
                "sha256:12a53f5c13edf12547ce495afebdd5ab11c1b67ea078a941b21e13161783741a",
                "sha256:12eac2294d48ee27d1eaef7e214acedb394e4c95e3a1f6e4467099b82d58ef73",
                "sha256:176be6c348dbec04e8e0d41e810743b7084b73e50954a6fedeeafc65d7fa9290",
                "sha256:1d480d48253f61ff90115b8069ed32f51a0907eb19101c4a5ae0b9a5973e40ad",
                "sha256:21792f4d0fcc5040978ee211c033e915d8b6608ea8a5b33fe197a04f0d43e991",
                "sha256:277b3ebc684b369a57a186a9acf629c1b01247eb04d1105536ef2dae5f61168a",
                "sha256:2f227150148e7c3db7ecd8a58500439979f556e15455841a30b6d121755b14bc",
                "sha256:34b143751e9b2b89cf9b656081f1b2842a563c4c9ffc8465531875daf546e772",
                "sha256:3f3807e81bf51d4c63eb12a21920614e0e840645418e9f2e3b5ffdd5991b3415",
                "sha256:3fa7126d532effee452c0ab395ab3cbef1c06fd6870ab7e681f812ba9e685cfa",
                "sha256:434044eec7f9df08fc5ca5c9bdd1a4bb08663679d43ebe7b9849713956f4d85f",
                "sha256:4d861ae20040afc17adef33053c328667da78d4d3676b2936788fd031665e3a8",
                "sha256:536491ad640448f14d8aa2dc497c354a348f216eb23513bf5aa0ac40e2b02577",
                "sha256:5619f6598d6fd30778053ae2daa48a7c54029816648b908270b751411fd52e74",
                "sha256:591b455546d34bb96aa453dd9666bddb8c81314e23dbf2606f9614acf7e73d9f",
                "sha256:5a13171268f05d127e31b4c369b753733f67dbb0d765901ef625a115feb5c7de",
                "sha256:5eaf7e0841d3d8d1d92838c8b56f98cb9bf35b14bcbe4efa281e4812ef4be728",
                "sha256:6c09e6e5c4baf0959287943dc8170624d739ae555d334e896a94d9de01c7bb21",
                "sha256:6e2093a97bf3f6008a4be6b5bae8ae3fc409f18373593bef19dd7b381ab8030c",
                "sha256:7b518ad9cdbaaeb1a9da3444797698871ae2eeae34ff9a656d5150d37e1e42a1",
                "sha256:7ca7d77f24644298cbe53bc279eb7ca05f3b8637473d392f0c9f34b37f08b49a",
                "sha256:7eca5902ff41575d9a26f91fc750018b7eb129600ea600fe69ce852fbdfab4e2",
                "sha256:8951830d6a00636b3af478091f9668ecc486f1dad01b975527957fd1d8c31bfd",
                "sha256:8c234aefeef034c5d6de452e2af5173a95ea06315b685db703091e6f937a6e60",
                "sha256:9273f6d1da1018822f41630fb0f3fe208e8e70e5d5e780795326900cfa22d8b6",
                "sha256:9622d9560a6fd8d589816cdcec6946642cb4e070b3f68be1d3779b52cf240f73",
                "sha256:9ef2d1476cea927ba33a29f59aa128ce3b174e81083cbd091dd3149af741c85d",
                "sha256:9feb7ccd426ff2158ce79f4c87a8a1600ed4f77e65e2fffda2b42638b2bc73e4",
                "sha256:a0b8528aefceb787f41ad429f3210a3c6b52e99f85413416e3d0c9e6d035f8ac",
                "sha256:a2e4d70d34112997a32c8193fae2579aec854745f8730031e5d84cc579fd98ff",
                "sha256:a37f0ec88e220326803084208d80229218b309d728954ab747ab21cca33424aa",
                "sha256:a45f5c0477d12df05ef2e2922b49b7c0ae9d0f4ff9b6bb0d666558df0ef37122",
                "sha256:a64b9cce166396df5f33894074d6515778d48c63aae5ee1abd86d8bbc5a711d8",
                "sha256:a89285fedbeca483a855a77285453e21e4fc86ef0944bc018ef4b3033aa04ad2",
                "sha256:a8f40604437ec8010f77f7053fd135ccb202d6ca18329903831087cab8dbdab1",
                "sha256:b2a4af5e6fa85ee1743c725b46579f8de0b97024eb5ae1a0b5c5711adc436665",
                "sha256:b97dc1273f16f85a38cff6668a07b636ef14e30591039efbfd21f5f91efae964",
                "sha256:bdd008629293a0d4f00b516841ac0df89f17a64bc2d83bcfa48212d3f3b3ca1a",
                "sha256:be3425dfdb9c46dc62d490fc1a6142a5f3dc6605ebb9048ae675056ef621413c",
                "sha256:c2394bb857607494c3750b5040f852a1ad7831d7a7907b6106f0af2c70860cef",
                "sha256:cb45b7ea577283b547b907a3389d62ca2eaddaf725fbb79cd360802440fa9c91",
                "sha256:cd3f563b98e2a8730c93bdc550f119ae766b2d3da1f0d6a3c7735b59adfa1642",
                "sha256:cda55ff0a7566405fb29ca38db1829fecb4c041b8dc3f91754f337bb7b27cbd8",
                "sha256:df0b05fa4321b090abe5601dea9b1c8933c06f496588ccb397a0b1f9dfe32ebe",
                "sha256:e464e7b1be2216eba54b47256c15bf307ae4a656aa0f73becea7b3e7283c5ac2",
                "sha256:e730d490b1421e52b43b1b9f5e1f8c3973499206e188f29b582577531e11033b",
                "sha256:e7ae3e520bd182a0cbfff3cc69dda3a2c26f69847e81bd3f090ed04471fc1282",
                "sha256:e9631c6a339843e4f95efb80ff9a1bfaaf3d611ba9677a7a5cc61ffb923b4e06",
                "sha256:f3daabbe42ca31712e29d906dfa4bf1890341d2fd5178de118bc9977a8d2b23b",
                "sha256:fe8807d67456e7cf0e9a33b85e0d05bb9d2977dbdb23977e4cc2b843633618fd"
            ],
            "index": "pypi",
            "version": "==23.0.0"
        }
    },
    "develop": {}
}
